{
  "name": "o-views",
  "version": "0.0.0",
  "lockfileVersion": 1,
  "requires": true,
  "dependencies": {
    "o-types": {
      "version": "file:../o-types"
    },
    "rxjs": {
      "version": "6.6.3",
      "resolved": "https://registry.npmjs.org/rxjs/-/rxjs-6.6.3.tgz",
      "integrity": "sha512-trsQc+xYYXZ3urjOiJOuCOa5N3jAZ3eiSpQB5hIT8zGlL2QfnHLJ2r7GMkBGuIausdJN1OneaI6gQlsqNHHmZQ==",
      "requires": {
        "tslib": "^1.9.0"
      }
    },
    "svelte": {
      "version": "3.29.0",
      "resolved": "https://registry.npmjs.org/svelte/-/svelte-3.29.0.tgz",
      "integrity": "sha512-f+A65eyOQ5ujETLy+igNXtlr6AEjAQLYd1yJE1VwNiXMQO5Z/Vmiy3rL+zblV/9jd7rtTTWqO1IcuXsP2Qv0OA=="
    },
    "tslib": {
      "version": "1.14.1",
      "resolved": "https://registry.npmjs.org/tslib/-/tslib-1.14.1.tgz",
      "integrity": "sha512-Xni35NKzjgMrwevysHTCArtLDpPvye8zV/0E4EyYn43P7/7qvQwPh9BGkHewbMulVntbigmcT7rdX3BNo9wRJg=="
    }
  }
}
